
Microsoft Visual Studio Solution File, Format Version 12.00
# Visual Studio Version 16
VisualStudioVersion = 16.0.29709.97
MinimumVisualStudioVersion = 10.0.40219.1
Project("{FAE04EC0-301F-11D3-BF4B-00C04F79EFBC}") = "Practical10", "Practical10\Practical10.csproj", "{C113D8FD-47FD-4998-877B-690E7C98719F}"
EndProject
Global
	GlobalSection(SolutionConfigurationPlatforms) = preSolution
		Debug|Any CPU = Debug|Any CPU
		Release|Any CPU = Release|Any CPU
	EndGlobalSection
	GlobalSection(ProjectConfigurationPlatforms) = postSolution
		{C113D8FD-47FD-4998-877B-690E7C98719F}.Debug|Any CPU.ActiveCfg = Debug|Any CPU
		{C113D8FD-47FD-4998-877B-690E7C98719F}.Debug|Any CPU.Build.0 = Debug|Any CPU
		{C113D8FD-47FD-4998-877B-690E7C98719F}.Release|Any CPU.ActiveCfg = Release|Any CPU
		{C113D8FD-47FD-4998-877B-690E7C98719F}.Release|Any CPU.Build.0 = Release|Any CPU
	EndGlobalSection
	GlobalSection(SolutionProperties) = preSolution
		HideSolutionNode = FALSE
	EndGlobalSection
	GlobalSection(ExtensibilityGlobals) = postSolution
		SolutionGuid = {14DFF8B3-1FE4-401D-A70B-BBF80E5C31BA}
	EndGlobalSection
EndGlobal
