
Microsoft Visual Studio Solution File, Format Version 12.00
# Visual Studio Version 16
VisualStudioVersion = 16.0.29709.97
MinimumVisualStudioVersion = 10.0.40219.1
Project("{FAE04EC0-301F-11D3-BF4B-00C04F79EFBC}") = "ConsoleApp1", "ConsoleApp1\ConsoleApp1.csproj", "{83BC0719-7708-431C-BAE5-CBF9B64206B9}"
EndProject
Global
	GlobalSection(SolutionConfigurationPlatforms) = preSolution
		Debug|Any CPU = Debug|Any CPU
		Release|Any CPU = Release|Any CPU
	EndGlobalSection
	GlobalSection(ProjectConfigurationPlatforms) = postSolution
		{83BC0719-7708-431C-BAE5-CBF9B64206B9}.Debug|Any CPU.ActiveCfg = Debug|Any CPU
		{83BC0719-7708-431C-BAE5-CBF9B64206B9}.Debug|Any CPU.Build.0 = Debug|Any CPU
		{83BC0719-7708-431C-BAE5-CBF9B64206B9}.Release|Any CPU.ActiveCfg = Release|Any CPU
		{83BC0719-7708-431C-BAE5-CBF9B64206B9}.Release|Any CPU.Build.0 = Release|Any CPU
	EndGlobalSection
	GlobalSection(SolutionProperties) = preSolution
		HideSolutionNode = FALSE
	EndGlobalSection
	GlobalSection(ExtensibilityGlobals) = postSolution
		SolutionGuid = {6B78101A-4965-43C7-8EF6-B1D626F654F9}
	EndGlobalSection
EndGlobal
